PODS:
  - Firebase/Analytics (8.6.0):
    - Firebase/Core
  - Firebase/Core (8.6.0):
    - Firebase/CoreOnly
    - FirebaseAnalytics (~> 8.6.0)
  - Firebase/CoreOnly (8.6.0):
    - FirebaseCore (= 8.6.0)
  - Firebase/Messaging (8.6.0):
    - Firebase/CoreOnly
    - FirebaseMessaging (~> 8.6.0)
  - firebase_analytics (8.3.2):
    - Firebase/Analytics (= 8.6.0)
    - firebase_core
    - Flutter
  - firebase_core (1.6.0):
    - Firebase/CoreOnly (= 8.6.0)
    - Flutter
  - firebase_messaging (10.0.7):
    - Firebase/Messaging (= 8.6.0)
    - firebase_core
    - Flutter
  - FirebaseAnalytics (8.6.0):
    - FirebaseAnalytics/AdIdSupport (= 8.6.0)
    - FirebaseCore (~> 8.0)
    - FirebaseInstallations (~> 8.0)
    - GoogleUtilities/AppDelegateSwizzler (~> 7.4)
    - GoogleUtilities/MethodSwizzler (~> 7.4)
    - GoogleUtilities/Network (~> 7.4)
    - "GoogleUtilities/NSData+zlib (~> 7.4)"
    - nanopb (~> 2.30908.0)
  - FirebaseAnalytics/AdIdSupport (8.6.0):
    - FirebaseCore (~> 8.0)
    - FirebaseInstallations (~> 8.0)
    - GoogleAppMeasurement (= 8.6.0)
    - GoogleUtilities/AppDelegateSwizzler (~> 7.4)
    - GoogleUtilities/MethodSwizzler (~> 7.4)
    - GoogleUtilities/Network (~> 7.4)
    - "GoogleUtilities/NSData+zlib (~> 7.4)"
    - nanopb (~> 2.30908.0)
  - FirebaseCore (8.6.0):
    - FirebaseCoreDiagnostics (~> 8.0)
    - GoogleUtilities/Environment (~> 7.4)
    - GoogleUtilities/Logger (~> 7.4)
  - FirebaseCoreDiagnostics (8.8.0):
    - GoogleDataTransport (~> 9.0)
    - GoogleUtilities/Environment (~> 7.4)
    - GoogleUtilities/Logger (~> 7.4)
    - nanopb (~> 2.30908.0)
  - FirebaseInstallations (8.8.0):
    - FirebaseCore (~> 8.0)
    - GoogleUtilities/Environment (~> 7.4)
    - GoogleUtilities/UserDefaults (~> 7.4)
    - PromisesObjC (< 3.0, >= 1.2)
  - FirebaseMessaging (8.6.0):
    - FirebaseCore (~> 8.0)
    - FirebaseInstallations (~> 8.0)
    - GoogleDataTransport (~> 9.0)
    - GoogleUtilities/AppDelegateSwizzler (~> 7.4)
    - GoogleUtilities/Environment (~> 7.4)
    - GoogleUtilities/Reachability (~> 7.4)
    - GoogleUtilities/UserDefaults (~> 7.4)
    - nanopb (~> 2.30908.0)
  - Flutter (1.0.0)
  - flutter_config (0.0.1):
    - Flutter
  - flutter_local_notifications (0.0.1):
    - Flutter
  - flutter_mapbox_navigation (0.0.20):
    - Flutter
    - MapboxNavigation (~> 1.4)
  - fluttertoast (0.0.2):
    - Flutter
    - Toast
  - FMDB (2.7.5):
    - FMDB/standard (= 2.7.5)
  - FMDB/standard (2.7.5)
  - geolocator_apple (1.2.0):
    - Flutter
  - google_maps_flutter (0.0.1):
    - Flutter
    - GoogleMaps
  - GoogleAppMeasurement (8.6.0):
    - GoogleAppMeasurement/AdIdSupport (= 8.6.0)
    - GoogleUtilities/AppDelegateSwizzler (~> 7.4)
    - GoogleUtilities/MethodSwizzler (~> 7.4)
    - GoogleUtilities/Network (~> 7.4)
    - "GoogleUtilities/NSData+zlib (~> 7.4)"
    - nanopb (~> 2.30908.0)
  - GoogleAppMeasurement/AdIdSupport (8.6.0):
    - GoogleUtilities/AppDelegateSwizzler (~> 7.4)
    - GoogleUtilities/MethodSwizzler (~> 7.4)
    - GoogleUtilities/Network (~> 7.4)
    - "GoogleUtilities/NSData+zlib (~> 7.4)"
    - nanopb (~> 2.30908.0)
  - GoogleDataTransport (9.1.0):
    - GoogleUtilities/Environment (~> 7.2)
    - nanopb (~> 2.30908.0)
    - PromisesObjC (< 3.0, >= 1.2)
  - GoogleMaps (5.1.0):
    - GoogleMaps/Maps (= 5.1.0)
  - GoogleMaps/Base (5.1.0)
  - GoogleMaps/Maps (5.1.0):
    - GoogleMaps/Base
  - GoogleUtilities/AppDelegateSwizzler (7.5.2):
    - GoogleUtilities/Environment
    - GoogleUtilities/Logger
    - GoogleUtilities/Network
  - GoogleUtilities/Environment (7.5.2):
    - PromisesObjC (< 3.0, >= 1.2)
  - GoogleUtilities/Logger (7.5.2):
    - GoogleUtilities/Environment
  - GoogleUtilities/MethodSwizzler (7.5.2):
    - GoogleUtilities/Logger
  - GoogleUtilities/Network (7.5.2):
    - GoogleUtilities/Logger
    - "GoogleUtilities/NSData+zlib"
    - GoogleUtilities/Reachability
  - "GoogleUtilities/NSData+zlib (7.5.2)"
  - GoogleUtilities/Reachability (7.5.2):
    - GoogleUtilities/Logger
  - GoogleUtilities/UserDefaults (7.5.2):
    - GoogleUtilities/Logger
  - image_picker (0.0.1):
    - Flutter
  - jitsi_meet (0.0.1):
    - Flutter
    - JitsiMeetSDK (= 3.3.0)
  - JitsiMeetSDK (3.3.0)
  - Mapbox-iOS-SDK (6.4.1):
    - MapboxMobileEvents (~> 0.10.12)
  - MapboxAccounts (2.3.1)
  - MapboxCommon (9.2.0)
  - MapboxCoreNavigation (1.4.2):
    - MapboxAccounts (~> 2.3.0)
    - MapboxDirections (~> 1.2.0)
    - MapboxMobileEvents (~> 0.10.2)
    - MapboxNavigationNative (~> 32.0)
    - Turf (~> 1.0)
  - MapboxDirections (1.2.0):
    - Polyline (~> 5.0)
    - Turf (~> 1.0)
  - MapboxMobileEvents (0.10.13)
  - MapboxNavigation (1.4.2):
    - Mapbox-iOS-SDK (~> 6.0)
    - MapboxCoreNavigation (= 1.4.2)
    - MapboxMobileEvents (~> 0.10.2)
    - MapboxSpeech (~> 1.0)
    - Solar (~> 2.1)
  - MapboxNavigationNative (32.0.0):
    - MapboxCommon (= 9.2.0)
  - MapboxSpeech (1.0.0)
  - nanopb (2.30908.0):
    - nanopb/decode (= 2.30908.0)
    - nanopb/encode (= 2.30908.0)
  - nanopb/decode (2.30908.0)
  - nanopb/encode (2.30908.0)
  - path_provider_ios (0.0.1):
    - Flutter
  - Polyline (5.0.2)
  - PromisesObjC (2.0.0)
  - shared_preferences (0.0.1):
    - Flutter
  - Solar (2.1.0)
  - sqflite (0.0.2):
    - Flutter
    - FMDB (>= 2.7.5)
  - Stripe (21.8.1):
    - Stripe/Stripe3DS2 (= 21.8.1)
    - StripeCore (= 21.8.1)
  - Stripe/Stripe3DS2 (21.8.1):
    - StripeCore (= 21.8.1)
  - stripe_ios (0.0.1):
    - Flutter
    - Stripe (~> 21.8.1)
  - StripeCore (21.8.1)
  - Toast (4.0.0)
  - Turf (1.2.0)

DEPENDENCIES:
  - Firebase/Analytics
  - firebase_analytics (from `.symlinks/plugins/firebase_analytics/ios`)
  - firebase_core (from `.symlinks/plugins/firebase_core/ios`)
  - firebase_messaging (from `.symlinks/plugins/firebase_messaging/ios`)
  - Flutter (from `Flutter`)
  - flutter_config (from `.symlinks/plugins/flutter_config/ios`)
  - flutter_local_notifications (from `.symlinks/plugins/flutter_local_notifications/ios`)
  - flutter_mapbox_navigation (from `.symlinks/plugins/flutter_mapbox_navigation/ios`)
  - fluttertoast (from `.symlinks/plugins/fluttertoast/ios`)
  - geolocator_apple (from `.symlinks/plugins/geolocator_apple/ios`)
  - google_maps_flutter (from `.symlinks/plugins/google_maps_flutter/ios`)
  - image_picker (from `.symlinks/plugins/image_picker/ios`)
  - jitsi_meet (from `.symlinks/plugins/jitsi_meet/ios`)
  - path_provider_ios (from `.symlinks/plugins/path_provider_ios/ios`)
  - shared_preferences (from `.symlinks/plugins/shared_preferences/ios`)
  - sqflite (from `.symlinks/plugins/sqflite/ios`)
  - stripe_ios (from `.symlinks/plugins/stripe_ios/ios`)

SPEC REPOS:
  trunk:
    - Firebase
    - FirebaseAnalytics
    - FirebaseCore
    - FirebaseCoreDiagnostics
    - FirebaseInstallations
    - FirebaseMessaging
    - FMDB
    - GoogleAppMeasurement
    - GoogleDataTransport
    - GoogleMaps
    - GoogleUtilities
    - JitsiMeetSDK
    - Mapbox-iOS-SDK
    - MapboxAccounts
    - MapboxCommon
    - MapboxCoreNavigation
    - MapboxDirections
    - MapboxMobileEvents
    - MapboxNavigation
    - MapboxNavigationNative
    - MapboxSpeech
    - nanopb
    - Polyline
    - PromisesObjC
    - Solar
    - Stripe
    - StripeCore
    - Toast
    - Turf

EXTERNAL SOURCES:
  firebase_analytics:
    :path: ".symlinks/plugins/firebase_analytics/ios"
  firebase_core:
    :path: ".symlinks/plugins/firebase_core/ios"
  firebase_messaging:
    :path: ".symlinks/plugins/firebase_messaging/ios"
  Flutter:
    :path: Flutter
  flutter_config:
    :path: ".symlinks/plugins/flutter_config/ios"
  flutter_local_notifications:
    :path: ".symlinks/plugins/flutter_local_notifications/ios"
  flutter_mapbox_navigation:
    :path: ".symlinks/plugins/flutter_mapbox_navigation/ios"
  fluttertoast:
    :path: ".symlinks/plugins/fluttertoast/ios"
  geolocator_apple:
    :path: ".symlinks/plugins/geolocator_apple/ios"
  google_maps_flutter:
    :path: ".symlinks/plugins/google_maps_flutter/ios"
  image_picker:
    :path: ".symlinks/plugins/image_picker/ios"
  jitsi_meet:
    :path: ".symlinks/plugins/jitsi_meet/ios"
  path_provider_ios:
    :path: ".symlinks/plugins/path_provider_ios/ios"
  shared_preferences:
    :path: ".symlinks/plugins/shared_preferences/ios"
  sqflite:
    :path: ".symlinks/plugins/sqflite/ios"
  stripe_ios:
    :path: ".symlinks/plugins/stripe_ios/ios"

SPEC CHECKSUMS:
  Firebase: 21ac9f28b09a8bdfc005f34c984fca84e7e8786d
  firebase_analytics: 039357074df292fb8a58e119206762d10483a8ec
  firebase_core: c21ac09a8d23afd3594b56ed786bad12e5266bba
  firebase_messaging: 0fddeca6fcfee0bed23c66210391d782af8f8d0e
  FirebaseAnalytics: 8f32ae54ad42754f503354782575c4ddfc1425c3
  FirebaseCore: 620b677f70f5470a8e59cb77f3ddc666f6f09785
  FirebaseCoreDiagnostics: fe77f42da6329d6d83d21fd9d621a6b704413bfc
  FirebaseInstallations: 2563cb18a723ef9c6ef18318a49519b75dce613c
  FirebaseMessaging: ce0a5ee974f7bfe83b6cc5acce88c2d969e37c41
  Flutter: 50d75fe2f02b26cc09d224853bb45737f8b3214a
  flutter_config: 2226c1df19c78fe34a05eb7f1363445f18e76fc1
  flutter_local_notifications: 0c0b1ae97e741e1521e4c1629a459d04b9aec743
  flutter_mapbox_navigation: b2d023f58478f5f80242db9b70cc75ee37f42e20
  fluttertoast: 6122fa75143e992b1d3470f61000f591a798cc58
  FMDB: 2ce00b547f966261cd18927a3ddb07cb6f3db82a
  geolocator_apple: b741765c55dc21950e3e106e8b3584e55cf81ce5
  google_maps_flutter: abdb8dee6c52d4be36ad131ee6ebfacd14417c5a
  GoogleAppMeasurement: 2c0c6e2a7ab3fe730ade6379f732bdefb46f50b0
  GoogleDataTransport: 85fd18ff3019bb85d3f2c551d04c481dedf71fc9
  GoogleMaps: 086ae1dab659eaa7339bdb30fc88e2f44e7c597c
  GoogleUtilities: 8de2a97a17e15b6b98e38e8770e2d129a57c0040
  image_picker: 9aa50e1d8cdacdbed739e925b7eea16d014367e6
  jitsi_meet: a797e5ffdbc1da9d424c52b1bfe3b2a803b05e31
  JitsiMeetSDK: 3b1d3757f2166b28cd03f907b47091db064302b3
  Mapbox-iOS-SDK: f870f83cbdc7aa4a74afcee143aafb0dae390c82
  MapboxAccounts: e40ef575df5d8b7ef33d0504ff2d393f4fde0455
  MapboxCommon: 2c4ef00c10cba35302835423f4d63c6f3dea4bc4
  MapboxCoreNavigation: fd24751d42a53c2ca4ddebd55f49a11b925f08be
  MapboxDirections: 383df0cd65784897c2269750a42d9654c832f0ce
  MapboxMobileEvents: e78db24b348f48e41e5895be7dc16e5b1bb43562
  MapboxNavigation: b596028515707e1b4b94d22f298a7c7000712e6d
  MapboxNavigationNative: e811b9beed18c01e4693e29f843d36b4a760fa61
  MapboxSpeech: 4b3aea42e35d056fae1d7ad847a9fc0f412d911e
  nanopb: a0ba3315591a9ae0a16a309ee504766e90db0c96
  path_provider_ios: 7d7ce634493af4477d156294792024ec3485acd5
  Polyline: fce41d72e1146c41c6d081f7656827226f643dff
  PromisesObjC: 68159ce6952d93e17b2dfe273b8c40907db5ba58
  shared_preferences: 5033afbb22d372e15aff8ff766df9021b845f273
  Solar: 2dc6e7cc39186cb0c8228fa08df76fb50c7d8f24
  sqflite: 6d358c025f5b867b29ed92fc697fd34924e11904
  Stripe: 57c6997c64042a3f5aedae9b76e331942f8b75d2
  stripe_ios: a47cfc31126ca3f0c47a9c60c0bd4be110d14aea
  StripeCore: a6e50d58119a0c7601773b56f274db2d394dcdac
  Toast: 91b396c56ee72a5790816f40d3a94dd357abc196
  Turf: aaa060138b11a8e979a19e6d81091d156a31bc58

PODFILE CHECKSUM: f6cd690d2044225ee0f6edd8aec31bc71c49d4db

COCOAPODS: 1.11.2
